
Microsoft Visual Studio Solution File, Format Version 9.00
# Visual Studio 2005
Project("{8BC9CEB8-8B4A-11D0-8D11-00A0C91BC942}") = "gamekit", "gamekit_vc8.vcproj", "{171CCDFA-C140-4956-8EB7-F0168F4521D3}"
	ProjectSection(ProjectDependencies) = postProject
		{6ADA430D-009C-2ED4-A787-2AC2D6FEB8CE} = {6ADA430D-009C-2ED4-A787-2AC2D6FEB8CE}
		{C04EA8AC-D96C-0E1F-0823-094C1010F087} = {C04EA8AC-D96C-0E1F-0823-094C1010F087}
		{7D6E339F-9C2C-31DA-FDB0-5EE50973CF2A} = {7D6E339F-9C2C-31DA-FDB0-5EE50973CF2A}
		{61BD1097-CF2E-B296-DAA9-73A6FE135319} = {61BD1097-CF2E-B296-DAA9-73A6FE135319}
		{E08E042A-6C45-411B-92BE-3CC31331019F} = {E08E042A-6C45-411B-92BE-3CC31331019F}
	EndProjectSection
EndProject
Project("{8BC9CEB8-8B4A-11D0-8D11-00A0C91BC942}") = "Irrlicht", "..\irrlicht-1.5\source\Irrlicht\Irrlicht8.0.vcproj", "{E08E042A-6C45-411B-92BE-3CC31331019F}"
EndProject
Project("{8BC9CEB8-8B4A-11D0-8D11-00A0C91BC942}") = "libbulletmath", "..\bullet\msvc\8\libbulletmath.vcproj", "{7D6E339F-9C2C-31DA-FDB0-5EE50973CF2A}"
EndProject
Project("{8BC9CEB8-8B4A-11D0-8D11-00A0C91BC942}") = "libbulletdynamics", "..\bullet\msvc\8\libbulletdynamics.vcproj", "{61BD1097-CF2E-B296-DAA9-73A6FE135319}"
EndProject
Project("{8BC9CEB8-8B4A-11D0-8D11-00A0C91BC942}") = "libbulletcollision", "..\bullet\msvc\8\libbulletcollision.vcproj", "{6ADA430D-009C-2ED4-A787-2AC2D6FEB8CE}"
EndProject
Project("{8BC9CEB8-8B4A-11D0-8D11-00A0C91BC942}") = "libbulletsoftbody", "..\bullet\msvc\8\libbulletsoftbody.vcproj", "{C04EA8AC-D96C-0E1F-0823-094C1010F087}"
EndProject
Global
	GlobalSection(SolutionConfigurationPlatforms) = preSolution
		Debug|Win32 = Debug|Win32
		DebugDll|Win32 = DebugDll|Win32
		DebugDoublePrecision|Win32 = DebugDoublePrecision|Win32
		Release - Fast FPU|Win32 = Release - Fast FPU|Win32
		Release|Win32 = Release|Win32
		ReleaseDll|Win32 = ReleaseDll|Win32
		ReleaseDoublePrecision|Win32 = ReleaseDoublePrecision|Win32
	EndGlobalSection
	GlobalSection(ProjectConfigurationPlatforms) = postSolution
		{171CCDFA-C140-4956-8EB7-F0168F4521D3}.Debug|Win32.ActiveCfg = Debug|Win32
		{171CCDFA-C140-4956-8EB7-F0168F4521D3}.Debug|Win32.Build.0 = Debug|Win32
		{171CCDFA-C140-4956-8EB7-F0168F4521D3}.DebugDll|Win32.ActiveCfg = Debug|Win32
		{171CCDFA-C140-4956-8EB7-F0168F4521D3}.DebugDll|Win32.Build.0 = Debug|Win32
		{171CCDFA-C140-4956-8EB7-F0168F4521D3}.DebugDoublePrecision|Win32.ActiveCfg = Debug|Win32
		{171CCDFA-C140-4956-8EB7-F0168F4521D3}.DebugDoublePrecision|Win32.Build.0 = Debug|Win32
		{171CCDFA-C140-4956-8EB7-F0168F4521D3}.Release - Fast FPU|Win32.ActiveCfg = Release|Win32
		{171CCDFA-C140-4956-8EB7-F0168F4521D3}.Release - Fast FPU|Win32.Build.0 = Release|Win32
		{171CCDFA-C140-4956-8EB7-F0168F4521D3}.Release|Win32.ActiveCfg = Release|Win32
		{171CCDFA-C140-4956-8EB7-F0168F4521D3}.Release|Win32.Build.0 = Release|Win32
		{171CCDFA-C140-4956-8EB7-F0168F4521D3}.ReleaseDll|Win32.ActiveCfg = Release|Win32
		{171CCDFA-C140-4956-8EB7-F0168F4521D3}.ReleaseDll|Win32.Build.0 = Release|Win32
		{171CCDFA-C140-4956-8EB7-F0168F4521D3}.ReleaseDoublePrecision|Win32.ActiveCfg = Release|Win32
		{171CCDFA-C140-4956-8EB7-F0168F4521D3}.ReleaseDoublePrecision|Win32.Build.0 = Release|Win32
		{E08E042A-6C45-411B-92BE-3CC31331019F}.Debug|Win32.ActiveCfg = Static lib - Debug|Win32
		{E08E042A-6C45-411B-92BE-3CC31331019F}.Debug|Win32.Build.0 = Static lib - Debug|Win32
		{E08E042A-6C45-411B-92BE-3CC31331019F}.DebugDll|Win32.ActiveCfg = Debug|Win32
		{E08E042A-6C45-411B-92BE-3CC31331019F}.DebugDll|Win32.Build.0 = Debug|Win32
		{E08E042A-6C45-411B-92BE-3CC31331019F}.DebugDoublePrecision|Win32.ActiveCfg = Debug|Win32
		{E08E042A-6C45-411B-92BE-3CC31331019F}.DebugDoublePrecision|Win32.Build.0 = Debug|Win32
		{E08E042A-6C45-411B-92BE-3CC31331019F}.Release - Fast FPU|Win32.ActiveCfg = Release - Fast FPU|Win32
		{E08E042A-6C45-411B-92BE-3CC31331019F}.Release - Fast FPU|Win32.Build.0 = Release - Fast FPU|Win32
		{E08E042A-6C45-411B-92BE-3CC31331019F}.Release|Win32.ActiveCfg = Static lib - Release|Win32
		{E08E042A-6C45-411B-92BE-3CC31331019F}.Release|Win32.Build.0 = Static lib - Release|Win32
		{E08E042A-6C45-411B-92BE-3CC31331019F}.ReleaseDll|Win32.ActiveCfg = Release - Fast FPU|Win32
		{E08E042A-6C45-411B-92BE-3CC31331019F}.ReleaseDll|Win32.Build.0 = Release - Fast FPU|Win32
		{E08E042A-6C45-411B-92BE-3CC31331019F}.ReleaseDoublePrecision|Win32.ActiveCfg = Release - Fast FPU|Win32
		{E08E042A-6C45-411B-92BE-3CC31331019F}.ReleaseDoublePrecision|Win32.Build.0 = Release - Fast FPU|Win32
		{7D6E339F-9C2C-31DA-FDB0-5EE50973CF2A}.Debug|Win32.ActiveCfg = Debug|Win32
		{7D6E339F-9C2C-31DA-FDB0-5EE50973CF2A}.Debug|Win32.Build.0 = Debug|Win32
		{7D6E339F-9C2C-31DA-FDB0-5EE50973CF2A}.DebugDll|Win32.ActiveCfg = DebugDll|Win32
		{7D6E339F-9C2C-31DA-FDB0-5EE50973CF2A}.DebugDll|Win32.Build.0 = DebugDll|Win32
		{7D6E339F-9C2C-31DA-FDB0-5EE50973CF2A}.DebugDoublePrecision|Win32.ActiveCfg = DebugDoublePrecision|Win32
		{7D6E339F-9C2C-31DA-FDB0-5EE50973CF2A}.DebugDoublePrecision|Win32.Build.0 = DebugDoublePrecision|Win32
		{7D6E339F-9C2C-31DA-FDB0-5EE50973CF2A}.Release - Fast FPU|Win32.ActiveCfg = ReleaseDoublePrecision|Win32
		{7D6E339F-9C2C-31DA-FDB0-5EE50973CF2A}.Release - Fast FPU|Win32.Build.0 = ReleaseDoublePrecision|Win32
		{7D6E339F-9C2C-31DA-FDB0-5EE50973CF2A}.Release|Win32.ActiveCfg = Release|Win32
		{7D6E339F-9C2C-31DA-FDB0-5EE50973CF2A}.Release|Win32.Build.0 = Release|Win32
		{7D6E339F-9C2C-31DA-FDB0-5EE50973CF2A}.ReleaseDll|Win32.ActiveCfg = ReleaseDll|Win32
		{7D6E339F-9C2C-31DA-FDB0-5EE50973CF2A}.ReleaseDll|Win32.Build.0 = ReleaseDll|Win32
		{7D6E339F-9C2C-31DA-FDB0-5EE50973CF2A}.ReleaseDoublePrecision|Win32.ActiveCfg = ReleaseDoublePrecision|Win32
		{7D6E339F-9C2C-31DA-FDB0-5EE50973CF2A}.ReleaseDoublePrecision|Win32.Build.0 = ReleaseDoublePrecision|Win32
		{61BD1097-CF2E-B296-DAA9-73A6FE135319}.Debug|Win32.ActiveCfg = Debug|Win32
		{61BD1097-CF2E-B296-DAA9-73A6FE135319}.Debug|Win32.Build.0 = Debug|Win32
		{61BD1097-CF2E-B296-DAA9-73A6FE135319}.DebugDll|Win32.ActiveCfg = DebugDll|Win32
		{61BD1097-CF2E-B296-DAA9-73A6FE135319}.DebugDll|Win32.Build.0 = DebugDll|Win32
		{61BD1097-CF2E-B296-DAA9-73A6FE135319}.DebugDoublePrecision|Win32.ActiveCfg = DebugDoublePrecision|Win32
		{61BD1097-CF2E-B296-DAA9-73A6FE135319}.DebugDoublePrecision|Win32.Build.0 = DebugDoublePrecision|Win32
		{61BD1097-CF2E-B296-DAA9-73A6FE135319}.Release - Fast FPU|Win32.ActiveCfg = ReleaseDoublePrecision|Win32
		{61BD1097-CF2E-B296-DAA9-73A6FE135319}.Release - Fast FPU|Win32.Build.0 = ReleaseDoublePrecision|Win32
		{61BD1097-CF2E-B296-DAA9-73A6FE135319}.Release|Win32.ActiveCfg = Release|Win32
		{61BD1097-CF2E-B296-DAA9-73A6FE135319}.Release|Win32.Build.0 = Release|Win32
		{61BD1097-CF2E-B296-DAA9-73A6FE135319}.ReleaseDll|Win32.ActiveCfg = ReleaseDll|Win32
		{61BD1097-CF2E-B296-DAA9-73A6FE135319}.ReleaseDll|Win32.Build.0 = ReleaseDll|Win32
		{61BD1097-CF2E-B296-DAA9-73A6FE135319}.ReleaseDoublePrecision|Win32.ActiveCfg = ReleaseDoublePrecision|Win32
		{61BD1097-CF2E-B296-DAA9-73A6FE135319}.ReleaseDoublePrecision|Win32.Build.0 = ReleaseDoublePrecision|Win32
		{6ADA430D-009C-2ED4-A787-2AC2D6FEB8CE}.Debug|Win32.ActiveCfg = Debug|Win32
		{6ADA430D-009C-2ED4-A787-2AC2D6FEB8CE}.Debug|Win32.Build.0 = Debug|Win32
		{6ADA430D-009C-2ED4-A787-2AC2D6FEB8CE}.DebugDll|Win32.ActiveCfg = DebugDll|Win32
		{6ADA430D-009C-2ED4-A787-2AC2D6FEB8CE}.DebugDll|Win32.Build.0 = DebugDll|Win32
		{6ADA430D-009C-2ED4-A787-2AC2D6FEB8CE}.DebugDoublePrecision|Win32.ActiveCfg = DebugDoublePrecision|Win32
		{6ADA430D-009C-2ED4-A787-2AC2D6FEB8CE}.DebugDoublePrecision|Win32.Build.0 = DebugDoublePrecision|Win32
		{6ADA430D-009C-2ED4-A787-2AC2D6FEB8CE}.Release - Fast FPU|Win32.ActiveCfg = ReleaseDoublePrecision|Win32
		{6ADA430D-009C-2ED4-A787-2AC2D6FEB8CE}.Release - Fast FPU|Win32.Build.0 = ReleaseDoublePrecision|Win32
		{6ADA430D-009C-2ED4-A787-2AC2D6FEB8CE}.Release|Win32.ActiveCfg = Release|Win32
		{6ADA430D-009C-2ED4-A787-2AC2D6FEB8CE}.Release|Win32.Build.0 = Release|Win32
		{6ADA430D-009C-2ED4-A787-2AC2D6FEB8CE}.ReleaseDll|Win32.ActiveCfg = ReleaseDll|Win32
		{6ADA430D-009C-2ED4-A787-2AC2D6FEB8CE}.ReleaseDll|Win32.Build.0 = ReleaseDll|Win32
		{6ADA430D-009C-2ED4-A787-2AC2D6FEB8CE}.ReleaseDoublePrecision|Win32.ActiveCfg = ReleaseDoublePrecision|Win32
		{6ADA430D-009C-2ED4-A787-2AC2D6FEB8CE}.ReleaseDoublePrecision|Win32.Build.0 = ReleaseDoublePrecision|Win32
		{C04EA8AC-D96C-0E1F-0823-094C1010F087}.Debug|Win32.ActiveCfg = Debug|Win32
		{C04EA8AC-D96C-0E1F-0823-094C1010F087}.Debug|Win32.Build.0 = Debug|Win32
		{C04EA8AC-D96C-0E1F-0823-094C1010F087}.DebugDll|Win32.ActiveCfg = DebugDll|Win32
		{C04EA8AC-D96C-0E1F-0823-094C1010F087}.DebugDll|Win32.Build.0 = DebugDll|Win32
		{C04EA8AC-D96C-0E1F-0823-094C1010F087}.DebugDoublePrecision|Win32.ActiveCfg = DebugDoublePrecision|Win32
		{C04EA8AC-D96C-0E1F-0823-094C1010F087}.DebugDoublePrecision|Win32.Build.0 = DebugDoublePrecision|Win32
		{C04EA8AC-D96C-0E1F-0823-094C1010F087}.Release - Fast FPU|Win32.ActiveCfg = ReleaseDoublePrecision|Win32
		{C04EA8AC-D96C-0E1F-0823-094C1010F087}.Release - Fast FPU|Win32.Build.0 = ReleaseDoublePrecision|Win32
		{C04EA8AC-D96C-0E1F-0823-094C1010F087}.Release|Win32.ActiveCfg = Release|Win32
		{C04EA8AC-D96C-0E1F-0823-094C1010F087}.Release|Win32.Build.0 = Release|Win32
		{C04EA8AC-D96C-0E1F-0823-094C1010F087}.ReleaseDll|Win32.ActiveCfg = ReleaseDll|Win32
		{C04EA8AC-D96C-0E1F-0823-094C1010F087}.ReleaseDll|Win32.Build.0 = ReleaseDll|Win32
		{C04EA8AC-D96C-0E1F-0823-094C1010F087}.ReleaseDoublePrecision|Win32.ActiveCfg = ReleaseDoublePrecision|Win32
		{C04EA8AC-D96C-0E1F-0823-094C1010F087}.ReleaseDoublePrecision|Win32.Build.0 = ReleaseDoublePrecision|Win32
	EndGlobalSection
	GlobalSection(SolutionProperties) = preSolution
		HideSolutionNode = FALSE
	EndGlobalSection
EndGlobal
